// !$*UTF8*$!
{
	archiveVersion = 1;
	classes = {
	};
	objectVersion = 56;
	objects = {

/* Begin PBXBuildFile section */
		DAA84CE42B8760CD00A4418E /* AppDelegate.swift in Sources */ = {isa = PBXBuildFile; fileRef = DAA84CE32B8760CD00A4418E /* AppDelegate.swift */; };
		DAA84CE62B8760CD00A4418E /* SceneDelegate.swift in Sources */ = {isa = PBXBuildFile; fileRef = DAA84CE52B8760CD00A4418E /* SceneDelegate.swift */; };
		DAA84CE82B8760CD00A4418E /* HomeViewController.swift in Sources */ = {isa = PBXBuildFile; fileRef = DAA84CE72B8760CD00A4418E /* HomeViewController.swift */; };
		DAA84CEB2B8760CD00A4418E /* Main.storyboard in Resources */ = {isa = PBXBuildFile; fileRef = DAA84CE92B8760CD00A4418E /* Main.storyboard */; };
		DAA84CED2B8760CE00A4418E /* Assets.xcassets in Resources */ = {isa = PBXBuildFile; fileRef = DAA84CEC2B8760CE00A4418E /* Assets.xcassets */; };
		DAA84CF02B8760CE00A4418E /* LaunchScreen.storyboard in Resources */ = {isa = PBXBuildFile; fileRef = DAA84CEE2B8760CE00A4418E /* LaunchScreen.storyboard */; };
		DAA84CF92B876AA600A4418E /* inbox.md in Resources */ = {isa = PBXBuildFile; fileRef = DAA84CF82B876AA600A4418E /* inbox.md */; };
		DAA84D012B876BB500A4418E /* BookParkingViewController.swift in Sources */ = {isa = PBXBuildFile; fileRef = DAA84D002B876BB500A4418E /* BookParkingViewController.swift */; };
		DAA84D052B876C0C00A4418E /* LoginViewController.swift in Sources */ = {isa = PBXBuildFile; fileRef = DAA84D042B876C0C00A4418E /* LoginViewController.swift */; };
		DAA84D092B876C2300A4418E /* BookLunchViewController.swift in Sources */ = {isa = PBXBuildFile; fileRef = DAA84D082B876C2300A4418E /* BookLunchViewController.swift */; };
/* End PBXBuildFile section */

/* Begin PBXFileReference section */
		DAA84CE02B8760CD00A4418E /* CountMeIniOS.app */ = {isa = PBXFileReference; explicitFileType = wrapper.application; includeInIndex = 0; path = CountMeIniOS.app; sourceTree = BUILT_PRODUCTS_DIR; };
		DAA84CE32B8760CD00A4418E /* AppDelegate.swift */ = {isa = PBXFileReference; lastKnownFileType = sourcecode.swift; path = AppDelegate.swift; sourceTree = "<group>"; };
		DAA84CE52B8760CD00A4418E /* SceneDelegate.swift */ = {isa = PBXFileReference; lastKnownFileType = sourcecode.swift; path = SceneDelegate.swift; sourceTree = "<group>"; };
		DAA84CE72B8760CD00A4418E /* HomeViewController.swift */ = {isa = PBXFileReference; lastKnownFileType = sourcecode.swift; path = HomeViewController.swift; sourceTree = "<group>"; };
		DAA84CEA2B8760CD00A4418E /* Base */ = {isa = PBXFileReference; lastKnownFileType = file.storyboard; name = Base; path = Base.lproj/Main.storyboard; sourceTree = "<group>"; };
		DAA84CEC2B8760CE00A4418E /* Assets.xcassets */ = {isa = PBXFileReference; lastKnownFileType = folder.assetcatalog; path = Assets.xcassets; sourceTree = "<group>"; };
		DAA84CEF2B8760CE00A4418E /* Base */ = {isa = PBXFileReference; lastKnownFileType = file.storyboard; name = Base; path = Base.lproj/LaunchScreen.storyboard; sourceTree = "<group>"; };
		DAA84CF12B8760CE00A4418E /* Info.plist */ = {isa = PBXFileReference; lastKnownFileType = text.plist.xml; path = Info.plist; sourceTree = "<group>"; };
		DAA84CF82B876AA600A4418E /* inbox.md */ = {isa = PBXFileReference; lastKnownFileType = net.daringfireball.markdown; path = inbox.md; sourceTree = "<group>"; };
		DAA84D002B876BB500A4418E /* BookParkingViewController.swift */ = {isa = PBXFileReference; lastKnownFileType = sourcecode.swift; path = BookParkingViewController.swift; sourceTree = "<group>"; };
		DAA84D042B876C0C00A4418E /* LoginViewController.swift */ = {isa = PBXFileReference; lastKnownFileType = sourcecode.swift; path = LoginViewController.swift; sourceTree = "<group>"; };
		DAA84D082B876C2300A4418E /* BookLunchViewController.swift */ = {isa = PBXFileReference; lastKnownFileType = sourcecode.swift; path = BookLunchViewController.swift; sourceTree = "<group>"; };
/* End PBXFileReference section */

/* Begin PBXFrameworksBuildPhase section */
		DAA84CDD2B8760CD00A4418E /* Frameworks */ = {
			isa = PBXFrameworksBuildPhase;
			buildActionMask = 2147483647;
			files = (
			);
			runOnlyForDeploymentPostprocessing = 0;
		};
/* End PBXFrameworksBuildPhase section */

/* Begin PBXGroup section */
		DAA84CD72B8760CD00A4418E = {
			isa = PBXGroup;
			children = (
				DAA84CE22B8760CD00A4418E /* CountMeIniOS */,
				DAA84CE12B8760CD00A4418E /* Products */,
			);
			sourceTree = "<group>";
		};
		DAA84CE12B8760CD00A4418E /* Products */ = {
			isa = PBXGroup;
			children = (
				DAA84CE02B8760CD00A4418E /* CountMeIniOS.app */,
			);
			name = Products;
			sourceTree = "<group>";
		};
		DAA84CE22B8760CD00A4418E /* CountMeIniOS */ = {
			isa = PBXGroup;
			children = (
				DAA84CF12B8760CE00A4418E /* Info.plist */,
				DAA84CFD2B876B3900A4418E /* Main */,
				DAA84CFB2B876B2700A4418E /* Login */,
				DAA84D0A2B876CAC00A4418E /* Home */,
				DAA84CFA2B876B2200A4418E /* Parking */,
				DAA84CFC2B876B2900A4418E /* Lunch */,
			);
			path = CountMeIniOS;
			sourceTree = "<group>";
		};
		DAA84CFA2B876B2200A4418E /* Parking */ = {
			isa = PBXGroup;
			children = (
				DAA84CFF2B876BA600A4418E /* Controller */,
				DAA84CFE2B876BA100A4418E /* View */,
			);
			path = Parking;
			sourceTree = "<group>";
		};
		DAA84CFB2B876B2700A4418E /* Login */ = {
			isa = PBXGroup;
			children = (
				DAA84D032B876BFA00A4418E /* Controller */,
				DAA84D022B876BED00A4418E /* View */,
			);
			path = Login;
			sourceTree = "<group>";
		};
		DAA84CFC2B876B2900A4418E /* Lunch */ = {
			isa = PBXGroup;
			children = (
				DAA84D072B876C1500A4418E /* View */,
				DAA84D062B876C1000A4418E /* Controller */,
			);
			path = Lunch;
			sourceTree = "<group>";
		};
		DAA84CFD2B876B3900A4418E /* Main */ = {
			isa = PBXGroup;
			children = (
				DAA84CE32B8760CD00A4418E /* AppDelegate.swift */,
				DAA84CE52B8760CD00A4418E /* SceneDelegate.swift */,
				DAA84CE92B8760CD00A4418E /* Main.storyboard */,
				DAA84CEC2B8760CE00A4418E /* Assets.xcassets */,
				DAA84CEE2B8760CE00A4418E /* LaunchScreen.storyboard */,
				DAA84CF82B876AA600A4418E /* inbox.md */,
			);
			path = Main;
			sourceTree = "<group>";
		};
		DAA84CFE2B876BA100A4418E /* View */ = {
			isa = PBXGroup;
			children = (
			);
			path = View;
			sourceTree = "<group>";
		};
		DAA84CFF2B876BA600A4418E /* Controller */ = {
			isa = PBXGroup;
			children = (
				DAA84D002B876BB500A4418E /* BookParkingViewController.swift */,
			);
			path = Controller;
			sourceTree = "<group>";
		};
		DAA84D022B876BED00A4418E /* View */ = {
			isa = PBXGroup;
			children = (
			);
			path = View;
			sourceTree = "<group>";
		};
		DAA84D032B876BFA00A4418E /* Controller */ = {
			isa = PBXGroup;
			children = (
				DAA84D042B876C0C00A4418E /* LoginViewController.swift */,
			);
			path = Controller;
			sourceTree = "<group>";
		};
		DAA84D062B876C1000A4418E /* Controller */ = {
			isa = PBXGroup;
			children = (
				DAA84D082B876C2300A4418E /* BookLunchViewController.swift */,
			);
			path = Controller;
			sourceTree = "<group>";
		};
		DAA84D072B876C1500A4418E /* View */ = {
			isa = PBXGroup;
			children = (
			);
			path = View;
			sourceTree = "<group>";
		};
		DAA84D0A2B876CAC00A4418E /* Home */ = {
			isa = PBXGroup;
			children = (
				DAA84D0B2B876CD400A4418E /* Controller */,
			);
			path = Home;
			sourceTree = "<group>";
		};
		DAA84D0B2B876CD400A4418E /* Controller */ = {
			isa = PBXGroup;
			children = (
				DAA84CE72B8760CD00A4418E /* HomeViewController.swift */,
			);
			path = Controller;
			sourceTree = "<group>";
		};
/* End PBXGroup section */

/* Begin PBXNativeTarget section */
		DAA84CDF2B8760CD00A4418E /* CountMeIniOS */ = {
			isa = PBXNativeTarget;
			buildConfigurationList = DAA84CF42B8760CE00A4418E /* Build configuration list for PBXNativeTarget "CountMeIniOS" */;
			buildPhases = (
				DAA84CDC2B8760CD00A4418E /* Sources */,
				DAA84CDD2B8760CD00A4418E /* Frameworks */,
				DAA84CDE2B8760CD00A4418E /* Resources */,
			);
			buildRules = (
			);
			dependencies = (
			);
			name = CountMeIniOS;
			productName = CountMeIniOS;
			productReference = DAA84CE02B8760CD00A4418E /* CountMeIniOS.app */;
			productType = "com.apple.product-type.application";
		};
/* End PBXNativeTarget section */

/* Begin PBXProject section */
		DAA84CD82B8760CD00A4418E /* Project object */ = {
			isa = PBXProject;
			attributes = {
				BuildIndependentTargetsInParallel = 1;
				LastSwiftUpdateCheck = 1420;
				LastUpgradeCheck = 1420;
				TargetAttributes = {
					DAA84CDF2B8760CD00A4418E = {
						CreatedOnToolsVersion = 14.2;
					};
				};
			};
			buildConfigurationList = DAA84CDB2B8760CD00A4418E /* Build configuration list for PBXProject "CountMeIniOS" */;
			compatibilityVersion = "Xcode 14.0";
			developmentRegion = en;
			hasScannedForEncodings = 0;
			knownRegions = (
				en,
				Base,
			);
			mainGroup = DAA84CD72B8760CD00A4418E;
			productRefGroup = DAA84CE12B8760CD00A4418E /* Products */;
			projectDirPath = "";
			projectRoot = "";
			targets = (
				DAA84CDF2B8760CD00A4418E /* CountMeIniOS */,
			);
		};
/* End PBXProject section */

/* Begin PBXResourcesBuildPhase section */
		DAA84CDE2B8760CD00A4418E /* Resources */ = {
			isa = PBXResourcesBuildPhase;
			buildActionMask = 2147483647;
			files = (
				DAA84CF02B8760CE00A4418E /* LaunchScreen.storyboard in Resources */,
				DAA84CED2B8760CE00A4418E /* Assets.xcassets in Resources */,
				DAA84CEB2B8760CD00A4418E /* Main.storyboard in Resources */,
				DAA84CF92B876AA600A4418E /* inbox.md in Resources */,
			);
			runOnlyForDeploymentPostprocessing = 0;
		};
/* End PBXResourcesBuildPhase section */

/* Begin PBXSourcesBuildPhase section */
		DAA84CDC2B8760CD00A4418E /* Sources */ = {
			isa = PBXSourcesBuildPhase;
			buildActionMask = 2147483647;
			files = (
				DAA84CE82B8760CD00A4418E /* HomeViewController.swift in Sources */,
				DAA84D012B876BB500A4418E /* BookParkingViewController.swift in Sources */,
				DAA84CE42B8760CD00A4418E /* AppDelegate.swift in Sources */,
				DAA84D092B876C2300A4418E /* BookLunchViewController.swift in Sources */,
				DAA84D052B876C0C00A4418E /* LoginViewController.swift in Sources */,
				DAA84CE62B8760CD00A4418E /* SceneDelegate.swift in Sources */,
			);
			runOnlyForDeploymentPostprocessing = 0;
		};
/* End PBXSourcesBuildPhase section */

/* Begin PBXVariantGroup section */
		DAA84CE92B8760CD00A4418E /* Main.storyboard */ = {
			isa = PBXVariantGroup;
			children = (
				DAA84CEA2B8760CD00A4418E /* Base */,
			);
			name = Main.storyboard;
			sourceTree = "<group>";
		};
		DAA84CEE2B8760CE00A4418E /* LaunchScreen.storyboard */ = {
			isa = PBXVariantGroup;
			children = (
				DAA84CEF2B8760CE00A4418E /* Base */,
			);
			name = LaunchScreen.storyboard;
			sourceTree = "<group>";
		};
/* End PBXVariantGroup section */

/* Begin XCBuildConfiguration section */
		DAA84CF22B8760CE00A4418E /* Debug */ = {
			isa = XCBuildConfiguration;
			buildSettings = {
				ALWAYS_SEARCH_USER_PATHS = NO;
				CLANG_ANALYZER_NONNULL = YES;
				CLANG_ANALYZER_NUMBER_OBJECT_CONVERSION = YES_AGGRESSIVE;
				CLANG_CXX_LANGUAGE_STANDARD = "gnu++20";
				CLANG_ENABLE_MODULES = YES;
				CLANG_ENABLE_OBJC_ARC = YES;
				CLANG_ENABLE_OBJC_WEAK = YES;
				CLANG_WARN_BLOCK_CAPTURE_AUTORELEASING = YES;
				CLANG_WARN_BOOL_CONVERSION = YES;
				CLANG_WARN_COMMA = YES;
				CLANG_WARN_CONSTANT_CONVERSION = YES;
				CLANG_WARN_DEPRECATED_OBJC_IMPLEMENTATIONS = YES;
				CLANG_WARN_DIRECT_OBJC_ISA_USAGE = YES_ERROR;
				CLANG_WARN_DOCUMENTATION_COMMENTS = YES;
				CLANG_WARN_EMPTY_BODY = YES;
				CLANG_WARN_ENUM_CONVERSION = YES;
				CLANG_WARN_INFINITE_RECURSION = YES;
				CLANG_WARN_INT_CONVERSION = YES;
				CLANG_WARN_NON_LITERAL_NULL_CONVERSION = YES;
				CLANG_WARN_OBJC_IMPLICIT_RETAIN_SELF = YES;
				CLANG_WARN_OBJC_LITERAL_CONVERSION = YES;
				CLANG_WARN_OBJC_ROOT_CLASS = YES_ERROR;
				CLANG_WARN_QUOTED_INCLUDE_IN_FRAMEWORK_HEADER = YES;
				CLANG_WARN_RANGE_LOOP_ANALYSIS = YES;
				CLANG_WARN_STRICT_PROTOTYPES = YES;
				CLANG_WARN_SUSPICIOUS_MOVE = YES;
				CLANG_WARN_UNGUARDED_AVAILABILITY = YES_AGGRESSIVE;
				CLANG_WARN_UNREACHABLE_CODE = YES;
				CLANG_WARN__DUPLICATE_METHOD_MATCH = YES;
				COPY_PHASE_STRIP = NO;
				DEBUG_INFORMATION_FORMAT = dwarf;
				ENABLE_STRICT_OBJC_MSGSEND = YES;
				ENABLE_TESTABILITY = YES;
				GCC_C_LANGUAGE_STANDARD = gnu11;
				GCC_DYNAMIC_NO_PIC = NO;
				GCC_NO_COMMON_BLOCKS = YES;
				GCC_OPTIMIZATION_LEVEL = 0;
				GCC_PREPROCESSOR_DEFINITIONS = (
					"DEBUG=1",
					"$(inherited)",
				);
				GCC_WARN_64_TO_32_BIT_CONVERSION = YES;
				GCC_WARN_ABOUT_RETURN_TYPE = YES_ERROR;
				GCC_WARN_UNDECLARED_SELECTOR = YES;
				GCC_WARN_UNINITIALIZED_AUTOS = YES_AGGRESSIVE;
				GCC_WARN_UNUSED_FUNCTION = YES;
				GCC_WARN_UNUSED_VARIABLE = YES;
				IPHONEOS_DEPLOYMENT_TARGET = 16.2;
				MTL_ENABLE_DEBUG_INFO = INCLUDE_SOURCE;
				MTL_FAST_MATH = YES;
				ONLY_ACTIVE_ARCH = YES;
				SDKROOT = iphoneos;
				SWIFT_ACTIVE_COMPILATION_CONDITIONS = DEBUG;
				SWIFT_OPTIMIZATION_LEVEL = "-Onone";
			};
			name = Debug;
		};
		DAA84CF32B8760CE00A4418E /* Release */ = {
			isa = XCBuildConfiguration;
			buildSettings = {
				ALWAYS_SEARCH_USER_PATHS = NO;
				CLANG_ANALYZER_NONNULL = YES;
				CLANG_ANALYZER_NUMBER_OBJECT_CONVERSION = YES_AGGRESSIVE;
				CLANG_CXX_LANGUAGE_STANDARD = "gnu++20";
				CLANG_ENABLE_MODULES = YES;
				CLANG_ENABLE_OBJC_ARC = YES;
				CLANG_ENABLE_OBJC_WEAK = YES;
				CLANG_WARN_BLOCK_CAPTURE_AUTORELEASING = YES;
				CLANG_WARN_BOOL_CONVERSION = YES;
				CLANG_WARN_COMMA = YES;
				CLANG_WARN_CONSTANT_CONVERSION = YES;
				CLANG_WARN_DEPRECATED_OBJC_IMPLEMENTATIONS = YES;
				CLANG_WARN_DIRECT_OBJC_ISA_USAGE = YES_ERROR;
				CLANG_WARN_DOCUMENTATION_COMMENTS = YES;
				CLANG_WARN_EMPTY_BODY = YES;
				CLANG_WARN_ENUM_CONVERSION = YES;
				CLANG_WARN_INFINITE_RECURSION = YES;
				CLANG_WARN_INT_CONVERSION = YES;
				CLANG_WARN_NON_LITERAL_NULL_CONVERSION = YES;
				CLANG_WARN_OBJC_IMPLICIT_RETAIN_SELF = YES;
				CLANG_WARN_OBJC_LITERAL_CONVERSION = YES;
				CLANG_WARN_OBJC_ROOT_CLASS = YES_ERROR;
				CLANG_WARN_QUOTED_INCLUDE_IN_FRAMEWORK_HEADER = YES;
				CLANG_WARN_RANGE_LOOP_ANALYSIS = YES;
				CLANG_WARN_STRICT_PROTOTYPES = YES;
				CLANG_WARN_SUSPICIOUS_MOVE = YES;
				CLANG_WARN_UNGUARDED_AVAILABILITY = YES_AGGRESSIVE;
				CLANG_WARN_UNREACHABLE_CODE = YES;
				CLANG_WARN__DUPLICATE_METHOD_MATCH = YES;
				COPY_PHASE_STRIP = NO;
				DEBUG_INFORMATION_FORMAT = "dwarf-with-dsym";
				ENABLE_NS_ASSERTIONS = NO;
				ENABLE_STRICT_OBJC_MSGSEND = YES;
				GCC_C_LANGUAGE_STANDARD = gnu11;
				GCC_NO_COMMON_BLOCKS = YES;
				GCC_WARN_64_TO_32_BIT_CONVERSION = YES;
				GCC_WARN_ABOUT_RETURN_TYPE = YES_ERROR;
				GCC_WARN_UNDECLARED_SELECTOR = YES;
				GCC_WARN_UNINITIALIZED_AUTOS = YES_AGGRESSIVE;
				GCC_WARN_UNUSED_FUNCTION = YES;
				GCC_WARN_UNUSED_VARIABLE = YES;
				IPHONEOS_DEPLOYMENT_TARGET = 16.2;
				MTL_ENABLE_DEBUG_INFO = NO;
				MTL_FAST_MATH = YES;
				SDKROOT = iphoneos;
				SWIFT_COMPILATION_MODE = wholemodule;
				SWIFT_OPTIMIZATION_LEVEL = "-O";
				VALIDATE_PRODUCT = YES;
			};
			name = Release;
		};
		DAA84CF52B8760CE00A4418E /* Debug */ = {
			isa = XCBuildConfiguration;
			buildSettings = {
				ASSETCATALOG_COMPILER_APPICON_NAME = AppIcon;
				ASSETCATALOG_COMPILER_GLOBAL_ACCENT_COLOR_NAME = AccentColor;
				CODE_SIGN_STYLE = Automatic;
				CURRENT_PROJECT_VERSION = 1;
				GENERATE_INFOPLIST_FILE = YES;
				INFOPLIST_FILE = CountMeIniOS/Info.plist;
				INFOPLIST_KEY_UIApplicationSupportsIndirectInputEvents = YES;
				INFOPLIST_KEY_UILaunchStoryboardName = LaunchScreen;
				INFOPLIST_KEY_UIMainStoryboardFile = Main;
				INFOPLIST_KEY_UISupportedInterfaceOrientations_iPad = "UIInterfaceOrientationPortrait UIInterfaceOrientationPortraitUpsideDown UIInterfaceOrientationLandscapeLeft UIInterfaceOrientationLandscapeRight";
				INFOPLIST_KEY_UISupportedInterfaceOrientations_iPhone = "UIInterfaceOrientationPortrait UIInterfaceOrientationLandscapeLeft UIInterfaceOrientationLandscapeRight";
				LD_RUNPATH_SEARCH_PATHS = (
					"$(inherited)",
					"@executable_path/Frameworks",
				);
				MARKETING_VERSION = 1.0;
				PRODUCT_BUNDLE_IDENTIFIER = com.codeandtheory.CountMeIniOS;
				PRODUCT_NAME = "$(TARGET_NAME)";
				SWIFT_EMIT_LOC_STRINGS = YES;
				SWIFT_VERSION = 5.0;
				TARGETED_DEVICE_FAMILY = "1,2";
			};
			name = Debug;
		};
		DAA84CF62B8760CE00A4418E /* Release */ = {
			isa = XCBuildConfiguration;
			buildSettings = {
				ASSETCATALOG_COMPILER_APPICON_NAME = AppIcon;
				ASSETCATALOG_COMPILER_GLOBAL_ACCENT_COLOR_NAME = AccentColor;
				CODE_SIGN_STYLE = Automatic;
				CURRENT_PROJECT_VERSION = 1;
				GENERATE_INFOPLIST_FILE = YES;
				INFOPLIST_FILE = CountMeIniOS/Info.plist;
				INFOPLIST_KEY_UIApplicationSupportsIndirectInputEvents = YES;
				INFOPLIST_KEY_UILaunchStoryboardName = LaunchScreen;
				INFOPLIST_KEY_UIMainStoryboardFile = Main;
				INFOPLIST_KEY_UISupportedInterfaceOrientations_iPad = "UIInterfaceOrientationPortrait UIInterfaceOrientationPortraitUpsideDown UIInterfaceOrientationLandscapeLeft UIInterfaceOrientationLandscapeRight";
				INFOPLIST_KEY_UISupportedInterfaceOrientations_iPhone = "UIInterfaceOrientationPortrait UIInterfaceOrientationLandscapeLeft UIInterfaceOrientationLandscapeRight";
				LD_RUNPATH_SEARCH_PATHS = (
					"$(inherited)",
					"@executable_path/Frameworks",
				);
				MARKETING_VERSION = 1.0;
				PRODUCT_BUNDLE_IDENTIFIER = com.codeandtheory.CountMeIniOS;
				PRODUCT_NAME = "$(TARGET_NAME)";
				SWIFT_EMIT_LOC_STRINGS = YES;
				SWIFT_VERSION = 5.0;
				TARGETED_DEVICE_FAMILY = "1,2";
			};
			name = Release;
		};
/* End XCBuildConfiguration section */

/* Begin XCConfigurationList section */
		DAA84CDB2B8760CD00A4418E /* Build configuration list for PBXProject "CountMeIniOS" */ = {
			isa = XCConfigurationList;
			buildConfigurations = (
				DAA84CF22B8760CE00A4418E /* Debug */,
				DAA84CF32B8760CE00A4418E /* Release */,
			);
			defaultConfigurationIsVisible = 0;
			defaultConfigurationName = Release;
		};
		DAA84CF42B8760CE00A4418E /* Build configuration list for PBXNativeTarget "CountMeIniOS" */ = {
			isa = XCConfigurationList;
			buildConfigurations = (
				DAA84CF52B8760CE00A4418E /* Debug */,
				DAA84CF62B8760CE00A4418E /* Release */,
			);
			defaultConfigurationIsVisible = 0;
			defaultConfigurationName = Release;
		};
/* End XCConfigurationList section */
	};
	rootObject = DAA84CD82B8760CD00A4418E /* Project object */;
}
